
Microsoft Visual Studio Solution File, Format Version 12.00
# Visual Studio 14
VisualStudioVersion = 14.0.23107.0
MinimumVisualStudioVersion = 10.0.40219.1
Project("{FAE04EC0-301F-11D3-BF4B-00C04F79EFBC}") = "CLW", "CLW\CLW.csproj", "{EF2F4C1E-E905-4B8B-B30B-5EA457CF3112}"
EndProject
Project("{FAE04EC0-301F-11D3-BF4B-00C04F79EFBC}") = "CLWTest", "CLWTest\CLWTest.csproj", "{AB261EC5-A8A1-4463-B449-172E29F83E49}"
EndProject
Global
	GlobalSection(SolutionConfigurationPlatforms) = preSolution
		Debug|Any CPU = Debug|Any CPU
		Release|Any CPU = Release|Any CPU
	EndGlobalSection
	GlobalSection(ProjectConfigurationPlatforms) = postSolution
		{EF2F4C1E-E905-4B8B-B30B-5EA457CF3112}.Debug|Any CPU.ActiveCfg = Debug|Any CPU
		{EF2F4C1E-E905-4B8B-B30B-5EA457CF3112}.Debug|Any CPU.Build.0 = Debug|Any CPU
		{EF2F4C1E-E905-4B8B-B30B-5EA457CF3112}.Release|Any CPU.ActiveCfg = Release|Any CPU
		{EF2F4C1E-E905-4B8B-B30B-5EA457CF3112}.Release|Any CPU.Build.0 = Release|Any CPU
		{AB261EC5-A8A1-4463-B449-172E29F83E49}.Debug|Any CPU.ActiveCfg = Debug|Any CPU
		{AB261EC5-A8A1-4463-B449-172E29F83E49}.Debug|Any CPU.Build.0 = Debug|Any CPU
		{AB261EC5-A8A1-4463-B449-172E29F83E49}.Release|Any CPU.ActiveCfg = Release|Any CPU
		{AB261EC5-A8A1-4463-B449-172E29F83E49}.Release|Any CPU.Build.0 = Release|Any CPU
	EndGlobalSection
	GlobalSection(SolutionProperties) = preSolution
		HideSolutionNode = FALSE
	EndGlobalSection
EndGlobal
